<?xml version="1.0" encoding="UTF-8" standalone="yes" ?>
<CodeBlocks_project_file>
	<FileVersion major="1" minor="6" />
	<Project>
		<Option title="sudoku" />
		<Option pch_mode="2" />
		<Option compiler="gcc" />
		<Build>
			<Target title="Release">
				<Option output="sudoku" prefix_auto="1" extension_auto="1" />
				<Option object_output="obj/" />
				<Option type="1" />
				<Option compiler="gcc" />
				<Compiler>
					<Add option="-O2" />
				</Compiler>
				<Linker>
					<Add option="-s" />
				</Linker>
			</Target>
		</Build>
		<Compiler>
			<Add option="-Wall" />
			<Add option="-std=c++11" />
			<Add option="-fexceptions" />
		</Compiler>
		<Unit filename="Makefile" />
		<Unit filename="README.md">
			<Option target="&lt;{~None~}&gt;" />
		</Unit>
		<Unit filename="build.sh" />
		<Unit filename="devinfo.md" />
		<Unit filename="doxyfile" />
		<Unit filename="main.cpp" />
		<Unit filename="src/algorithms.cpp" />
		<Unit filename="src/algorithms.h" />
		<Unit filename="src/circvec.h" />
		<Unit filename="src/grid.cpp" />
		<Unit filename="src/grid.h" />
		<Unit filename="src/header.h" />
		<Unit filename="src/test/test_catch.cpp" />
		<Unit filename="src/x_cycles.cpp" />
		<Unit filename="src/x_cycles.h" />
		<Unit filename="src/xy_chains.cpp" />
		<Unit filename="src/xy_chains.h" />
		<Extensions>
			<lib_finder disable_auto="1" />
		</Extensions>
	</Project>
</CodeBlocks_project_file>
